
Microsoft Visual Studio Solution File, Format Version 12.00
# Visual Studio Version 17
VisualStudioVersion = 17.4.33213.308
MinimumVisualStudioVersion = 10.0.40219.1
Project("{FAE04EC0-301F-11D3-BF4B-00C04F79EFBC}") = "Temtris", "Temtris\Temtris.csproj", "{4540C84C-3B51-48D6-BA31-AA29067E6AEE}"
EndProject
Global
	GlobalSection(SolutionConfigurationPlatforms) = preSolution
		Debug|Any CPU = Debug|Any CPU
		Release|Any CPU = Release|Any CPU
	EndGlobalSection
	GlobalSection(ProjectConfigurationPlatforms) = postSolution
		{4540C84C-3B51-48D6-BA31-AA29067E6AEE}.Debug|Any CPU.ActiveCfg = Debug|Any CPU
		{4540C84C-3B51-48D6-BA31-AA29067E6AEE}.Debug|Any CPU.Build.0 = Debug|Any CPU
		{4540C84C-3B51-48D6-BA31-AA29067E6AEE}.Release|Any CPU.ActiveCfg = Release|Any CPU
		{4540C84C-3B51-48D6-BA31-AA29067E6AEE}.Release|Any CPU.Build.0 = Release|Any CPU
	EndGlobalSection
	GlobalSection(SolutionProperties) = preSolution
		HideSolutionNode = FALSE
	EndGlobalSection
	GlobalSection(ExtensibilityGlobals) = postSolution
		SolutionGuid = {A78DED2C-BF87-4C0D-B252-23C9AB8062AD}
	EndGlobalSection
EndGlobal
